
Microsoft Visual Studio Solution File, Format Version 12.00
# Visual Studio Version 16
VisualStudioVersion = 16.0.31729.503
MinimumVisualStudioVersion = 10.0.40219.1
Project("{FAE04EC0-301F-11D3-BF4B-00C04F79EFBC}") = "AmonkhetTilePuzzles", "AmonkhetTilePuzzles.csproj", "{7A0570E3-50D3-48C5-B6B7-5B3FE7663945}"
EndProject
Global
	GlobalSection(SolutionConfigurationPlatforms) = preSolution
		Debug|Any CPU = Debug|Any CPU
		Release|Any CPU = Release|Any CPU
	EndGlobalSection
	GlobalSection(ProjectConfigurationPlatforms) = postSolution
		{7A0570E3-50D3-48C5-B6B7-5B3FE7663945}.Debug|Any CPU.ActiveCfg = Debug|Any CPU
		{7A0570E3-50D3-48C5-B6B7-5B3FE7663945}.Debug|Any CPU.Build.0 = Debug|Any CPU
		{7A0570E3-50D3-48C5-B6B7-5B3FE7663945}.Release|Any CPU.ActiveCfg = Release|Any CPU
		{7A0570E3-50D3-48C5-B6B7-5B3FE7663945}.Release|Any CPU.Build.0 = Release|Any CPU
	EndGlobalSection
	GlobalSection(SolutionProperties) = preSolution
		HideSolutionNode = FALSE
	EndGlobalSection
	GlobalSection(ExtensibilityGlobals) = postSolution
		SolutionGuid = {57FEEC1E-300D-4C2A-9DD1-C47BA4A7743C}
	EndGlobalSection
EndGlobal
